
Microsoft Visual Studio Solution File, Format Version 12.00
# Visual Studio Version 17
VisualStudioVersion = 17.0.31903.59
MinimumVisualStudioVersion = 10.0.40219.1
Project("{9A19103F-16F7-4668-BE54-9A1E7A4F7556}") = "EventBus.Common", "EventBus\EventBus.Common\EventBus.Common.csproj", "{012FCD07-F790-4CB1-AE12-7B33BE260E53}"
EndProject
Project("{9A19103F-16F7-4668-BE54-9A1E7A4F7556}") = "EventBus.IntegrationEvents", "EventBus\EventBus.IntegrationEvents\EventBus.IntegrationEvents.csproj", "{A2ED0557-DBC9-4685-8EB6-EB42FA9FCAF0}"
EndProject
Project("{9A19103F-16F7-4668-BE54-9A1E7A4F7556}") = "EventBus.RabbitMQ", "EventBus\EventBus.RabbitMQ\EventBus.RabbitMQ.csproj", "{247E3668-CEF4-4001-8370-9259D3259C5E}"
EndProject
Project("{2150E333-8FDC-42A3-9474-1A3956D46DE8}") = "Solution Items", "Solution Items", "{8751F909-AE18-40A0-96A2-60004F51A002}"
	ProjectSection(SolutionItems) = preProject
		.editorconfig = .editorconfig
		.gitignore = .gitignore
		Directory.Build.props = Directory.Build.props
		Directory.Build.targets = Directory.Build.targets
		Directory.Packages.props = Directory.Packages.props
		global.json = global.json
		NuGet.config = NuGet.config
	EndProjectSection
EndProject
Project("{9A19103F-16F7-4668-BE54-9A1E7A4F7556}") = "EventBus.Outbox.EFCore", "EventBus\EventBus.Outbox\EFCore\EventBus.Outbox.EFCore.csproj", "{AC69C3AB-C076-4103-9487-9D3F614262C2}"
EndProject
Project("{2150E333-8FDC-42A3-9474-1A3956D46DE8}") = "EventBus", "EventBus", "{E4433433-A35F-478C-ACC1-F27EB21E12D6}"
EndProject
Project("{2150E333-8FDC-42A3-9474-1A3956D46DE8}") = "Repository", "Repository", "{61AD432F-3E7D-4000-8E9F-FE8B6B2553C8}"
EndProject
Project("{9A19103F-16F7-4668-BE54-9A1E7A4F7556}") = "Repository.Abstractions", "Repository\Repository.Abstractions\Repository.Abstractions.csproj", "{3554BD5D-DE22-435D-9A3E-A9348A3A66BB}"
EndProject
Project("{9A19103F-16F7-4668-BE54-9A1E7A4F7556}") = "Repository.EFCore", "Repository\Repository.EFCore\Repository.EFCore.csproj", "{49A4F4C0-82B8-456E-B1C9-8645B54011A4}"
EndProject
Project("{FAE04EC0-301F-11D3-BF4B-00C04F79EFBC}") = "EventBus.Outbox.Common", "EventBus\EventBus.Outbox\Common\EventBus.Outbox.Common.csproj", "{4D8AD4D1-64D9-4E32-B1D0-AA13F0B06384}"
EndProject
Global
	GlobalSection(SolutionConfigurationPlatforms) = preSolution
		Debug|Any CPU = Debug|Any CPU
		Release|Any CPU = Release|Any CPU
	EndGlobalSection
	GlobalSection(ProjectConfigurationPlatforms) = postSolution
		{012FCD07-F790-4CB1-AE12-7B33BE260E53}.Debug|Any CPU.ActiveCfg = Debug|Any CPU
		{012FCD07-F790-4CB1-AE12-7B33BE260E53}.Debug|Any CPU.Build.0 = Debug|Any CPU
		{012FCD07-F790-4CB1-AE12-7B33BE260E53}.Release|Any CPU.ActiveCfg = Release|Any CPU
		{012FCD07-F790-4CB1-AE12-7B33BE260E53}.Release|Any CPU.Build.0 = Release|Any CPU
		{A2ED0557-DBC9-4685-8EB6-EB42FA9FCAF0}.Debug|Any CPU.ActiveCfg = Debug|Any CPU
		{A2ED0557-DBC9-4685-8EB6-EB42FA9FCAF0}.Debug|Any CPU.Build.0 = Debug|Any CPU
		{A2ED0557-DBC9-4685-8EB6-EB42FA9FCAF0}.Release|Any CPU.ActiveCfg = Release|Any CPU
		{A2ED0557-DBC9-4685-8EB6-EB42FA9FCAF0}.Release|Any CPU.Build.0 = Release|Any CPU
		{247E3668-CEF4-4001-8370-9259D3259C5E}.Debug|Any CPU.ActiveCfg = Debug|Any CPU
		{247E3668-CEF4-4001-8370-9259D3259C5E}.Debug|Any CPU.Build.0 = Debug|Any CPU
		{247E3668-CEF4-4001-8370-9259D3259C5E}.Release|Any CPU.ActiveCfg = Release|Any CPU
		{247E3668-CEF4-4001-8370-9259D3259C5E}.Release|Any CPU.Build.0 = Release|Any CPU
		{AC69C3AB-C076-4103-9487-9D3F614262C2}.Debug|Any CPU.ActiveCfg = Debug|Any CPU
		{AC69C3AB-C076-4103-9487-9D3F614262C2}.Debug|Any CPU.Build.0 = Debug|Any CPU
		{AC69C3AB-C076-4103-9487-9D3F614262C2}.Release|Any CPU.ActiveCfg = Release|Any CPU
		{AC69C3AB-C076-4103-9487-9D3F614262C2}.Release|Any CPU.Build.0 = Release|Any CPU
		{3554BD5D-DE22-435D-9A3E-A9348A3A66BB}.Debug|Any CPU.ActiveCfg = Debug|Any CPU
		{3554BD5D-DE22-435D-9A3E-A9348A3A66BB}.Debug|Any CPU.Build.0 = Debug|Any CPU
		{3554BD5D-DE22-435D-9A3E-A9348A3A66BB}.Release|Any CPU.ActiveCfg = Release|Any CPU
		{3554BD5D-DE22-435D-9A3E-A9348A3A66BB}.Release|Any CPU.Build.0 = Release|Any CPU
		{49A4F4C0-82B8-456E-B1C9-8645B54011A4}.Debug|Any CPU.ActiveCfg = Debug|Any CPU
		{49A4F4C0-82B8-456E-B1C9-8645B54011A4}.Debug|Any CPU.Build.0 = Debug|Any CPU
		{49A4F4C0-82B8-456E-B1C9-8645B54011A4}.Release|Any CPU.ActiveCfg = Release|Any CPU
		{49A4F4C0-82B8-456E-B1C9-8645B54011A4}.Release|Any CPU.Build.0 = Release|Any CPU
		{4D8AD4D1-64D9-4E32-B1D0-AA13F0B06384}.Debug|Any CPU.ActiveCfg = Debug|Any CPU
		{4D8AD4D1-64D9-4E32-B1D0-AA13F0B06384}.Debug|Any CPU.Build.0 = Debug|Any CPU
		{4D8AD4D1-64D9-4E32-B1D0-AA13F0B06384}.Release|Any CPU.ActiveCfg = Release|Any CPU
		{4D8AD4D1-64D9-4E32-B1D0-AA13F0B06384}.Release|Any CPU.Build.0 = Release|Any CPU
	EndGlobalSection
	GlobalSection(SolutionProperties) = preSolution
		HideSolutionNode = FALSE
	EndGlobalSection
	GlobalSection(NestedProjects) = preSolution
		{012FCD07-F790-4CB1-AE12-7B33BE260E53} = {E4433433-A35F-478C-ACC1-F27EB21E12D6}
		{A2ED0557-DBC9-4685-8EB6-EB42FA9FCAF0} = {E4433433-A35F-478C-ACC1-F27EB21E12D6}
		{247E3668-CEF4-4001-8370-9259D3259C5E} = {E4433433-A35F-478C-ACC1-F27EB21E12D6}
		{AC69C3AB-C076-4103-9487-9D3F614262C2} = {E4433433-A35F-478C-ACC1-F27EB21E12D6}
		{3554BD5D-DE22-435D-9A3E-A9348A3A66BB} = {61AD432F-3E7D-4000-8E9F-FE8B6B2553C8}
		{49A4F4C0-82B8-456E-B1C9-8645B54011A4} = {61AD432F-3E7D-4000-8E9F-FE8B6B2553C8}
		{4D8AD4D1-64D9-4E32-B1D0-AA13F0B06384} = {E4433433-A35F-478C-ACC1-F27EB21E12D6}
	EndGlobalSection
	GlobalSection(ExtensibilityGlobals) = postSolution
		SolutionGuid = {D844A601-31B1-4149-BA67-BAF46DDEC112}
	EndGlobalSection
EndGlobal
